
Microsoft Visual Studio Solution File, Format Version 12.00
# Visual Studio Version 17
VisualStudioVersion = 17.7.34024.191
MinimumVisualStudioVersion = 10.0.40219.1
Project("{9A19103F-16F7-4668-BE54-9A1E7A4F7556}") = "TicketingSystem", "TicketingSystemDavid\TicketingSystem.csproj", "{1E2405D9-F7F7-432A-8598-F373FCF349BE}"
EndProject
Project("{2150E333-8FDC-42A3-9474-1A3956D46DE8}") = "Common", "Common", "{19BE4F85-97F9-40A7-BEB7-FFF423FA363B}"
EndProject
Project("{2150E333-8FDC-42A3-9474-1A3956D46DE8}") = "Data", "Data", "{D110A368-A151-4D10-B8FB-C8977864DC22}"
EndProject
Project("{2150E333-8FDC-42A3-9474-1A3956D46DE8}") = "Services", "Services", "{35D7233E-B94E-424E-AA0D-B6EE35C588B1}"
EndProject
Project("{2150E333-8FDC-42A3-9474-1A3956D46DE8}") = "Web", "Web", "{36C4A1E2-972B-48C9-BECA-0EB4078E8BBD}"
EndProject
Project("{9A19103F-16F7-4668-BE54-9A1E7A4F7556}") = "TicketingSystem.Data", "TicketingSystem.Data\TicketingSystem.Data.csproj", "{E7041754-B2E2-4598-9B99-665CFF076397}"
EndProject
Project("{9A19103F-16F7-4668-BE54-9A1E7A4F7556}") = "TicketingSystem.Data.Models", "TicketingSystem.Data.Models\TicketingSystem.Data.Models.csproj", "{DDA381A9-E1D1-49A8-8B49-2285D1651BF4}"
EndProject
Project("{9A19103F-16F7-4668-BE54-9A1E7A4F7556}") = "TicketingSystem.Common", "TicketingSystem.Common\TicketingSystem.Common.csproj", "{8EF70D08-19E5-4CCC-B8FD-B263526B5FC6}"
EndProject
Project("{9A19103F-16F7-4668-BE54-9A1E7A4F7556}") = "TitcketingSystem.Services", "TitcketingSystem.Data\TitcketingSystem.Services.csproj", "{8F207BE8-E6EC-4D72-B5B7-98EA6BD449EE}"
EndProject
Project("{9A19103F-16F7-4668-BE54-9A1E7A4F7556}") = "TicketingSystem.Web.ViewModels", "TicketingSystem.Web.ViewModels\TicketingSystem.Web.ViewModels.csproj", "{C76B518F-BF2C-428F-BBE6-84DE28F36A16}"
EndProject
Project("{9A19103F-16F7-4668-BE54-9A1E7A4F7556}") = "TicketingSystem.Web.Infrastructure", "TicketingSystem.Web.Infrastructure\TicketingSystem.Web.Infrastructure.csproj", "{61C464B2-371D-49A2-A8C1-1233530D1A59}"
EndProject
Global
	GlobalSection(SolutionConfigurationPlatforms) = preSolution
		Debug|Any CPU = Debug|Any CPU
		Release|Any CPU = Release|Any CPU
	EndGlobalSection
	GlobalSection(ProjectConfigurationPlatforms) = postSolution
		{1E2405D9-F7F7-432A-8598-F373FCF349BE}.Debug|Any CPU.ActiveCfg = Debug|Any CPU
		{1E2405D9-F7F7-432A-8598-F373FCF349BE}.Debug|Any CPU.Build.0 = Debug|Any CPU
		{1E2405D9-F7F7-432A-8598-F373FCF349BE}.Release|Any CPU.ActiveCfg = Release|Any CPU
		{1E2405D9-F7F7-432A-8598-F373FCF349BE}.Release|Any CPU.Build.0 = Release|Any CPU
		{E7041754-B2E2-4598-9B99-665CFF076397}.Debug|Any CPU.ActiveCfg = Debug|Any CPU
		{E7041754-B2E2-4598-9B99-665CFF076397}.Debug|Any CPU.Build.0 = Debug|Any CPU
		{E7041754-B2E2-4598-9B99-665CFF076397}.Release|Any CPU.ActiveCfg = Release|Any CPU
		{E7041754-B2E2-4598-9B99-665CFF076397}.Release|Any CPU.Build.0 = Release|Any CPU
		{DDA381A9-E1D1-49A8-8B49-2285D1651BF4}.Debug|Any CPU.ActiveCfg = Debug|Any CPU
		{DDA381A9-E1D1-49A8-8B49-2285D1651BF4}.Debug|Any CPU.Build.0 = Debug|Any CPU
		{DDA381A9-E1D1-49A8-8B49-2285D1651BF4}.Release|Any CPU.ActiveCfg = Release|Any CPU
		{DDA381A9-E1D1-49A8-8B49-2285D1651BF4}.Release|Any CPU.Build.0 = Release|Any CPU
		{8EF70D08-19E5-4CCC-B8FD-B263526B5FC6}.Debug|Any CPU.ActiveCfg = Debug|Any CPU
		{8EF70D08-19E5-4CCC-B8FD-B263526B5FC6}.Debug|Any CPU.Build.0 = Debug|Any CPU
		{8EF70D08-19E5-4CCC-B8FD-B263526B5FC6}.Release|Any CPU.ActiveCfg = Release|Any CPU
		{8EF70D08-19E5-4CCC-B8FD-B263526B5FC6}.Release|Any CPU.Build.0 = Release|Any CPU
		{8F207BE8-E6EC-4D72-B5B7-98EA6BD449EE}.Debug|Any CPU.ActiveCfg = Debug|Any CPU
		{8F207BE8-E6EC-4D72-B5B7-98EA6BD449EE}.Debug|Any CPU.Build.0 = Debug|Any CPU
		{8F207BE8-E6EC-4D72-B5B7-98EA6BD449EE}.Release|Any CPU.ActiveCfg = Release|Any CPU
		{8F207BE8-E6EC-4D72-B5B7-98EA6BD449EE}.Release|Any CPU.Build.0 = Release|Any CPU
		{C76B518F-BF2C-428F-BBE6-84DE28F36A16}.Debug|Any CPU.ActiveCfg = Debug|Any CPU
		{C76B518F-BF2C-428F-BBE6-84DE28F36A16}.Debug|Any CPU.Build.0 = Debug|Any CPU
		{C76B518F-BF2C-428F-BBE6-84DE28F36A16}.Release|Any CPU.ActiveCfg = Release|Any CPU
		{C76B518F-BF2C-428F-BBE6-84DE28F36A16}.Release|Any CPU.Build.0 = Release|Any CPU
		{61C464B2-371D-49A2-A8C1-1233530D1A59}.Debug|Any CPU.ActiveCfg = Debug|Any CPU
		{61C464B2-371D-49A2-A8C1-1233530D1A59}.Debug|Any CPU.Build.0 = Debug|Any CPU
		{61C464B2-371D-49A2-A8C1-1233530D1A59}.Release|Any CPU.ActiveCfg = Release|Any CPU
		{61C464B2-371D-49A2-A8C1-1233530D1A59}.Release|Any CPU.Build.0 = Release|Any CPU
	EndGlobalSection
	GlobalSection(SolutionProperties) = preSolution
		HideSolutionNode = FALSE
	EndGlobalSection
	GlobalSection(NestedProjects) = preSolution
		{1E2405D9-F7F7-432A-8598-F373FCF349BE} = {36C4A1E2-972B-48C9-BECA-0EB4078E8BBD}
		{E7041754-B2E2-4598-9B99-665CFF076397} = {D110A368-A151-4D10-B8FB-C8977864DC22}
		{DDA381A9-E1D1-49A8-8B49-2285D1651BF4} = {D110A368-A151-4D10-B8FB-C8977864DC22}
		{8EF70D08-19E5-4CCC-B8FD-B263526B5FC6} = {19BE4F85-97F9-40A7-BEB7-FFF423FA363B}
		{8F207BE8-E6EC-4D72-B5B7-98EA6BD449EE} = {35D7233E-B94E-424E-AA0D-B6EE35C588B1}
		{C76B518F-BF2C-428F-BBE6-84DE28F36A16} = {36C4A1E2-972B-48C9-BECA-0EB4078E8BBD}
		{61C464B2-371D-49A2-A8C1-1233530D1A59} = {36C4A1E2-972B-48C9-BECA-0EB4078E8BBD}
	EndGlobalSection
	GlobalSection(ExtensibilityGlobals) = postSolution
		SolutionGuid = {28B24F18-43A0-4FCC-9B9D-03379E8ECE60}
	EndGlobalSection
EndGlobal
